
Microsoft Visual Studio Solution File, Format Version 12.00
# Visual Studio Version 17
VisualStudioVersion = 17.10.35027.167
MinimumVisualStudioVersion = 10.0.40219.1
Project("{FAE04EC0-301F-11D3-BF4B-00C04F79EFBC}") = "EmployeeManagementSystem", "EmployeeManagementSystem.csproj", "{CE80C51E-0129-44E9-B6B0-6ECA998E7214}"
EndProject
Global
	GlobalSection(SolutionConfigurationPlatforms) = preSolution
		Debug|Any CPU = Debug|Any CPU
		Release|Any CPU = Release|Any CPU
	EndGlobalSection
	GlobalSection(ProjectConfigurationPlatforms) = postSolution
		{CE80C51E-0129-44E9-B6B0-6ECA998E7214}.Debug|Any CPU.ActiveCfg = Debug|Any CPU
		{CE80C51E-0129-44E9-B6B0-6ECA998E7214}.Debug|Any CPU.Build.0 = Debug|Any CPU
		{CE80C51E-0129-44E9-B6B0-6ECA998E7214}.Release|Any CPU.ActiveCfg = Release|Any CPU
		{CE80C51E-0129-44E9-B6B0-6ECA998E7214}.Release|Any CPU.Build.0 = Release|Any CPU
	EndGlobalSection
	GlobalSection(SolutionProperties) = preSolution
		HideSolutionNode = FALSE
	EndGlobalSection
	GlobalSection(ExtensibilityGlobals) = postSolution
		SolutionGuid = {07AA754F-2336-4269-BD02-82613CD00588}
	EndGlobalSection
EndGlobal
